
Microsoft Visual Studio Solution File, Format Version 12.00
# Visual Studio Version 17
VisualStudioVersion = 17.8.34309.116
MinimumVisualStudioVersion = 10.0.40219.1
Project("{9A19103F-16F7-4668-BE54-9A1E7A4F7556}") = "OtBilet.EntityLayer", "OtBilet.EntityLayer\OtBilet.EntityLayer.csproj", "{009E0DD5-909A-498C-856B-48946251F7A0}"
EndProject
Project("{9A19103F-16F7-4668-BE54-9A1E7A4F7556}") = "OtBilet.DAL", "OtBilet.DAL\OtBilet.DAL.csproj", "{EB89A6AA-1E40-4635-B73B-7529BF1B9C55}"
EndProject
Project("{9A19103F-16F7-4668-BE54-9A1E7A4F7556}") = "OtBilet.PresentationLayer", "OtBilet.PresentationLayer\OtBilet.PresentationLayer.csproj", "{4327FCFD-904E-49E6-A1D2-D3DCC1D7D081}"
EndProject
Project("{9A19103F-16F7-4668-BE54-9A1E7A4F7556}") = "OtBilet.BusinessLayer", "OtBilet.BusinessLayer\OtBilet.BusinessLayer.csproj", "{9E22D36D-1458-445C-AAE4-696108A77702}"
EndProject
Project("{9A19103F-16F7-4668-BE54-9A1E7A4F7556}") = "OtBilet.DTOLayer", "OtBilet.DTOLayer\OtBilet.DTOLayer.csproj", "{F737A81C-25D3-476E-A2CA-C84EC06849D7}"
EndProject
Global
	GlobalSection(SolutionConfigurationPlatforms) = preSolution
		Debug|Any CPU = Debug|Any CPU
		Release|Any CPU = Release|Any CPU
	EndGlobalSection
	GlobalSection(ProjectConfigurationPlatforms) = postSolution
		{009E0DD5-909A-498C-856B-48946251F7A0}.Debug|Any CPU.ActiveCfg = Debug|Any CPU
		{009E0DD5-909A-498C-856B-48946251F7A0}.Debug|Any CPU.Build.0 = Debug|Any CPU
		{009E0DD5-909A-498C-856B-48946251F7A0}.Release|Any CPU.ActiveCfg = Release|Any CPU
		{009E0DD5-909A-498C-856B-48946251F7A0}.Release|Any CPU.Build.0 = Release|Any CPU
		{EB89A6AA-1E40-4635-B73B-7529BF1B9C55}.Debug|Any CPU.ActiveCfg = Debug|Any CPU
		{EB89A6AA-1E40-4635-B73B-7529BF1B9C55}.Debug|Any CPU.Build.0 = Debug|Any CPU
		{EB89A6AA-1E40-4635-B73B-7529BF1B9C55}.Release|Any CPU.ActiveCfg = Release|Any CPU
		{EB89A6AA-1E40-4635-B73B-7529BF1B9C55}.Release|Any CPU.Build.0 = Release|Any CPU
		{4327FCFD-904E-49E6-A1D2-D3DCC1D7D081}.Debug|Any CPU.ActiveCfg = Debug|Any CPU
		{4327FCFD-904E-49E6-A1D2-D3DCC1D7D081}.Debug|Any CPU.Build.0 = Debug|Any CPU
		{4327FCFD-904E-49E6-A1D2-D3DCC1D7D081}.Release|Any CPU.ActiveCfg = Release|Any CPU
		{4327FCFD-904E-49E6-A1D2-D3DCC1D7D081}.Release|Any CPU.Build.0 = Release|Any CPU
		{9E22D36D-1458-445C-AAE4-696108A77702}.Debug|Any CPU.ActiveCfg = Debug|Any CPU
		{9E22D36D-1458-445C-AAE4-696108A77702}.Debug|Any CPU.Build.0 = Debug|Any CPU
		{9E22D36D-1458-445C-AAE4-696108A77702}.Release|Any CPU.ActiveCfg = Release|Any CPU
		{9E22D36D-1458-445C-AAE4-696108A77702}.Release|Any CPU.Build.0 = Release|Any CPU
		{F737A81C-25D3-476E-A2CA-C84EC06849D7}.Debug|Any CPU.ActiveCfg = Debug|Any CPU
		{F737A81C-25D3-476E-A2CA-C84EC06849D7}.Debug|Any CPU.Build.0 = Debug|Any CPU
		{F737A81C-25D3-476E-A2CA-C84EC06849D7}.Release|Any CPU.ActiveCfg = Release|Any CPU
		{F737A81C-25D3-476E-A2CA-C84EC06849D7}.Release|Any CPU.Build.0 = Release|Any CPU
	EndGlobalSection
	GlobalSection(SolutionProperties) = preSolution
		HideSolutionNode = FALSE
	EndGlobalSection
	GlobalSection(ExtensibilityGlobals) = postSolution
		SolutionGuid = {C117362A-BFB5-4D25-92AB-BFDC27B52ED9}
	EndGlobalSection
EndGlobal
